Microsoft Visual Studio Solution File, Format Version 12.00
# Visual Studio Version 17
VisualStudioVersion = 17.5.2.0
MinimumVisualStudioVersion = 10.0.40219.1
Project("{2150E333-8FDC-42A3-9474-1A3956D46DE8}") = "block1", "block1", "{04DD8303-1738-E46C-B515-075BDAD7301D}"
EndProject
Project("{FAE04EC0-301F-11D3-BF4B-00C04F79EFBC}") = "task27", "block1\task27\task27.csproj", "{51286C76-E507-3C7D-D22F-39322BF1303E}"
EndProject
Global
	GlobalSection(SolutionConfigurationPlatforms) = preSolution
		Debug|Any CPU = Debug|Any CPU
		Release|Any CPU = Release|Any CPU
	EndGlobalSection
	GlobalSection(ProjectConfigurationPlatforms) = postSolution
		{51286C76-E507-3C7D-D22F-39322BF1303E}.Debug|Any CPU.ActiveCfg = Debug|Any CPU
		{51286C76-E507-3C7D-D22F-39322BF1303E}.Debug|Any CPU.Build.0 = Debug|Any CPU
		{51286C76-E507-3C7D-D22F-39322BF1303E}.Release|Any CPU.ActiveCfg = Release|Any CPU
		{51286C76-E507-3C7D-D22F-39322BF1303E}.Release|Any CPU.Build.0 = Release|Any CPU
	EndGlobalSection
	GlobalSection(SolutionProperties) = preSolution
		HideSolutionNode = FALSE
	EndGlobalSection
	GlobalSection(NestedProjects) = preSolution
		{51286C76-E507-3C7D-D22F-39322BF1303E} = {04DD8303-1738-E46C-B515-075BDAD7301D}
	EndGlobalSection
	GlobalSection(ExtensibilityGlobals) = postSolution
		SolutionGuid = {68C65727-6DBC-49E8-9605-C14EE8D64A9E}
	EndGlobalSection
EndGlobal
